// !$*UTF8*$!
{
	archiveVersion = 1;
	classes = {
	};
	objectVersion = 51;
	objects = {

/* Begin PBXBuildFile section */
		6BDE5313C368C711BEB01D00 /* Pods_MedStoreApp.framework in Frameworks */ = {isa = PBXBuildFile; fileRef = 460E62E76E672BF5AC39E744 /* Pods_MedStoreApp.framework */; };
		AF578CB4241B4C110076980E /* AppDelegate.swift in Sources */ = {isa = PBXBuildFile; fileRef = AF578CB3241B4C110076980E /* AppDelegate.swift */; };
		AF578CBB241B4C110076980E /* Main.storyboard in Resources */ = {isa = PBXBuildFile; fileRef = AF578CB9241B4C110076980E /* Main.storyboard */; };
		AF578CBD241B4C120076980E /* Assets.xcassets in Resources */ = {isa = PBXBuildFile; fileRef = AF578CBC241B4C120076980E /* Assets.xcassets */; };
		AF578CC0241B4C120076980E /* LaunchScreen.storyboard in Resources */ = {isa = PBXBuildFile; fileRef = AF578CBE241B4C120076980E /* LaunchScreen.storyboard */; };
		AF578CCC241B4CF80076980E /* HomeViewController.swift in Sources */ = {isa = PBXBuildFile; fileRef = AF578CCB241B4CF80076980E /* HomeViewController.swift */; };
		AF578CCE241B5FC00076980E /*  Category.swift in Sources */ = {isa = PBXBuildFile; fileRef = AF578CCD241B5FC00076980E /*  Category.swift */; };
		AF578CD0241B5FFF0076980E /* HomeViewModel.swift in Sources */ = {isa = PBXBuildFile; fileRef = AF578CCF241B5FFF0076980E /* HomeViewModel.swift */; };
		AF578CD3241B61350076980E /* BaseViewController.swift in Sources */ = {isa = PBXBuildFile; fileRef = AF578CD2241B61350076980E /* BaseViewController.swift */; };
		AF920948241B6BDA00540CC5 /* ApiHelper.swift in Sources */ = {isa = PBXBuildFile; fileRef = AF920947241B6BDA00540CC5 /* ApiHelper.swift */; };
		AF92094B241B733300540CC5 /* CategoryCell.swift in Sources */ = {isa = PBXBuildFile; fileRef = AF920949241B733300540CC5 /* CategoryCell.swift */; };
		AF92094C241B733300540CC5 /* CategoryCell.xib in Resources */ = {isa = PBXBuildFile; fileRef = AF92094A241B733300540CC5 /* CategoryCell.xib */; };
		AF92094F241B914000540CC5 /* CategoryDetailVC.swift in Sources */ = {isa = PBXBuildFile; fileRef = AF92094E241B914000540CC5 /* CategoryDetailVC.swift */; };
		AF920951241B929D00540CC5 /* CategoryDetailViewModel.swift in Sources */ = {isa = PBXBuildFile; fileRef = AF920950241B929D00540CC5 /* CategoryDetailViewModel.swift */; };
/* End PBXBuildFile section */

/* Begin PBXFileReference section */
		42D90DD164DAEA3B7299D185 /* Pods-MedStoreApp.release.xcconfig */ = {isa = PBXFileReference; includeInIndex = 1; lastKnownFileType = text.xcconfig; name = "Pods-MedStoreApp.release.xcconfig"; path = "Target Support Files/Pods-MedStoreApp/Pods-MedStoreApp.release.xcconfig"; sourceTree = "<group>"; };
		460E62E76E672BF5AC39E744 /* Pods_MedStoreApp.framework */ = {isa = PBXFileReference; explicitFileType = wrapper.framework; includeInIndex = 0; path = Pods_MedStoreApp.framework; sourceTree = BUILT_PRODUCTS_DIR; };
		6874BFF9F0AE06F65F980544 /* Pods-MedStoreApp.debug.xcconfig */ = {isa = PBXFileReference; includeInIndex = 1; lastKnownFileType = text.xcconfig; name = "Pods-MedStoreApp.debug.xcconfig"; path = "Target Support Files/Pods-MedStoreApp/Pods-MedStoreApp.debug.xcconfig"; sourceTree = "<group>"; };
		AF578CB0241B4C110076980E /* MedStoreApp.app */ = {isa = PBXFileReference; explicitFileType = wrapper.application; includeInIndex = 0; path = MedStoreApp.app; sourceTree = BUILT_PRODUCTS_DIR; };
		AF578CB3241B4C110076980E /* AppDelegate.swift */ = {isa = PBXFileReference; lastKnownFileType = sourcecode.swift; path = AppDelegate.swift; sourceTree = "<group>"; };
		AF578CBA241B4C110076980E /* Base */ = {isa = PBXFileReference; lastKnownFileType = file.storyboard; name = Base; path = Base.lproj/Main.storyboard; sourceTree = "<group>"; };
		AF578CBC241B4C120076980E /* Assets.xcassets */ = {isa = PBXFileReference; lastKnownFileType = folder.assetcatalog; path = Assets.xcassets; sourceTree = "<group>"; };
		AF578CBF241B4C120076980E /* Base */ = {isa = PBXFileReference; lastKnownFileType = file.storyboard; name = Base; path = Base.lproj/LaunchScreen.storyboard; sourceTree = "<group>"; };
		AF578CC1241B4C120076980E /* Info.plist */ = {isa = PBXFileReference; lastKnownFileType = text.plist.xml; path = Info.plist; sourceTree = "<group>"; };
		AF578CCB241B4CF80076980E /* HomeViewController.swift */ = {isa = PBXFileReference; lastKnownFileType = sourcecode.swift; path = HomeViewController.swift; sourceTree = "<group>"; };
		AF578CCD241B5FC00076980E /*  Category.swift */ = {isa = PBXFileReference; lastKnownFileType = sourcecode.swift; path = " Category.swift"; sourceTree = "<group>"; };
		AF578CCF241B5FFF0076980E /* HomeViewModel.swift */ = {isa = PBXFileReference; lastKnownFileType = sourcecode.swift; path = HomeViewModel.swift; sourceTree = "<group>"; };
		AF578CD2241B61350076980E /* BaseViewController.swift */ = {isa = PBXFileReference; lastKnownFileType = sourcecode.swift; path = BaseViewController.swift; sourceTree = "<group>"; };
		AF920947241B6BDA00540CC5 /* ApiHelper.swift */ = {isa = PBXFileReference; lastKnownFileType = sourcecode.swift; path = ApiHelper.swift; sourceTree = "<group>"; };
		AF920949241B733300540CC5 /* CategoryCell.swift */ = {isa = PBXFileReference; lastKnownFileType = sourcecode.swift; path = CategoryCell.swift; sourceTree = "<group>"; };
		AF92094A241B733300540CC5 /* CategoryCell.xib */ = {isa = PBXFileReference; lastKnownFileType = file.xib; path = CategoryCell.xib; sourceTree = "<group>"; };
		AF92094E241B914000540CC5 /* CategoryDetailVC.swift */ = {isa = PBXFileReference; lastKnownFileType = sourcecode.swift; path = CategoryDetailVC.swift; sourceTree = "<group>"; };
		AF920950241B929D00540CC5 /* CategoryDetailViewModel.swift */ = {isa = PBXFileReference; lastKnownFileType = sourcecode.swift; path = CategoryDetailViewModel.swift; sourceTree = "<group>"; };
/* End PBXFileReference section */

/* Begin PBXFrameworksBuildPhase section */
		AF578CAD241B4C110076980E /* Frameworks */ = {
			isa = PBXFrameworksBuildPhase;
			buildActionMask = 2147483647;
			files = (
				6BDE5313C368C711BEB01D00 /* Pods_MedStoreApp.framework in Frameworks */,
			);
			runOnlyForDeploymentPostprocessing = 0;
		};
/* End PBXFrameworksBuildPhase section */

/* Begin PBXGroup section */
		521BAD201760FCE95CD9DE21 /* Frameworks */ = {
			isa = PBXGroup;
			children = (
				460E62E76E672BF5AC39E744 /* Pods_MedStoreApp.framework */,
			);
			name = Frameworks;
			sourceTree = "<group>";
		};
		60F581DB5A757F14972304CC /* Pods */ = {
			isa = PBXGroup;
			children = (
				6874BFF9F0AE06F65F980544 /* Pods-MedStoreApp.debug.xcconfig */,
				42D90DD164DAEA3B7299D185 /* Pods-MedStoreApp.release.xcconfig */,
			);
			path = Pods;
			sourceTree = "<group>";
		};
		AF578CA7241B4C110076980E = {
			isa = PBXGroup;
			children = (
				AF578CB2241B4C110076980E /* MedStoreApp */,
				AF578CB1241B4C110076980E /* Products */,
				60F581DB5A757F14972304CC /* Pods */,
				521BAD201760FCE95CD9DE21 /* Frameworks */,
			);
			sourceTree = "<group>";
		};
		AF578CB1241B4C110076980E /* Products */ = {
			isa = PBXGroup;
			children = (
				AF578CB0241B4C110076980E /* MedStoreApp.app */,
			);
			name = Products;
			sourceTree = "<group>";
		};
		AF578CB2241B4C110076980E /* MedStoreApp */ = {
			isa = PBXGroup;
			children = (
				AF920945241B6BC100540CC5 /* Helper */,
				AF578CD1241B611F0076980E /* Navigation */,
				AF578CC7241B4C6F0076980E /* Models */,
				AF578CC9241B4CA60076980E /* View */,
				AF578CC8241B4C940076980E /* ViewModel */,
				AF578CB3241B4C110076980E /* AppDelegate.swift */,
				AF578CB9241B4C110076980E /* Main.storyboard */,
				AF578CBC241B4C120076980E /* Assets.xcassets */,
				AF578CBE241B4C120076980E /* LaunchScreen.storyboard */,
				AF578CC1241B4C120076980E /* Info.plist */,
			);
			path = MedStoreApp;
			sourceTree = "<group>";
		};
		AF578CC7241B4C6F0076980E /* Models */ = {
			isa = PBXGroup;
			children = (
				AF578CCD241B5FC00076980E /*  Category.swift */,
			);
			path = Models;
			sourceTree = "<group>";
		};
		AF578CC8241B4C940076980E /* ViewModel */ = {
			isa = PBXGroup;
			children = (
				AF578CCF241B5FFF0076980E /* HomeViewModel.swift */,
				AF920950241B929D00540CC5 /* CategoryDetailViewModel.swift */,
			);
			path = ViewModel;
			sourceTree = "<group>";
		};
		AF578CC9241B4CA60076980E /* View */ = {
			isa = PBXGroup;
			children = (
				AF92094D241B911B00540CC5 /* CategoryDetail */,
				AF578CCA241B4CCE0076980E /* Home */,
			);
			path = View;
			sourceTree = "<group>";
		};
		AF578CCA241B4CCE0076980E /* Home */ = {
			isa = PBXGroup;
			children = (
				AF578CCB241B4CF80076980E /* HomeViewController.swift */,
				AF920949241B733300540CC5 /* CategoryCell.swift */,
				AF92094A241B733300540CC5 /* CategoryCell.xib */,
			);
			path = Home;
			sourceTree = "<group>";
		};
		AF578CD1241B611F0076980E /* Navigation */ = {
			isa = PBXGroup;
			children = (
				AF578CD2241B61350076980E /* BaseViewController.swift */,
			);
			path = Navigation;
			sourceTree = "<group>";
		};
		AF920945241B6BC100540CC5 /* Helper */ = {
			isa = PBXGroup;
			children = (
				AF920946241B6BC800540CC5 /* ApiHelper */,
			);
			path = Helper;
			sourceTree = "<group>";
		};
		AF920946241B6BC800540CC5 /* ApiHelper */ = {
			isa = PBXGroup;
			children = (
				AF920947241B6BDA00540CC5 /* ApiHelper.swift */,
			);
			path = ApiHelper;
			sourceTree = "<group>";
		};
		AF92094D241B911B00540CC5 /* CategoryDetail */ = {
			isa = PBXGroup;
			children = (
				AF92094E241B914000540CC5 /* CategoryDetailVC.swift */,
			);
			path = CategoryDetail;
			sourceTree = "<group>";
		};
/* End PBXGroup section */

/* Begin PBXNativeTarget section */
		AF578CAF241B4C110076980E /* MedStoreApp */ = {
			isa = PBXNativeTarget;
			buildConfigurationList = AF578CC4241B4C120076980E /* Build configuration list for PBXNativeTarget "MedStoreApp" */;
			buildPhases = (
				A62383292913E453630434BF /* [CP] Check Pods Manifest.lock */,
				AF578CAC241B4C110076980E /* Sources */,
				AF578CAD241B4C110076980E /* Frameworks */,
				AF578CAE241B4C110076980E /* Resources */,
				0782AEB4AE5A31BDC3136B6C /* [CP] Embed Pods Frameworks */,
			);
			buildRules = (
			);
			dependencies = (
			);
			name = MedStoreApp;
			productName = MedStoreApp;
			productReference = AF578CB0241B4C110076980E /* MedStoreApp.app */;
			productType = "com.apple.product-type.application";
		};
/* End PBXNativeTarget section */

/* Begin PBXProject section */
		AF578CA8241B4C110076980E /* Project object */ = {
			isa = PBXProject;
			attributes = {
				LastSwiftUpdateCheck = 1130;
				LastUpgradeCheck = 1130;
				ORGANIZATIONNAME = SolutionAnalysts;
				TargetAttributes = {
					AF578CAF241B4C110076980E = {
						CreatedOnToolsVersion = 11.3.1;
					};
				};
			};
			buildConfigurationList = AF578CAB241B4C110076980E /* Build configuration list for PBXProject "MedStoreApp" */;
			compatibilityVersion = "Xcode 9.3";
			developmentRegion = en;
			hasScannedForEncodings = 0;
			knownRegions = (
				en,
				Base,
			);
			mainGroup = AF578CA7241B4C110076980E;
			productRefGroup = AF578CB1241B4C110076980E /* Products */;
			projectDirPath = "";
			projectRoot = "";
			targets = (
				AF578CAF241B4C110076980E /* MedStoreApp */,
			);
		};
/* End PBXProject section */

/* Begin PBXResourcesBuildPhase section */
		AF578CAE241B4C110076980E /* Resources */ = {
			isa = PBXResourcesBuildPhase;
			buildActionMask = 2147483647;
			files = (
				AF578CC0241B4C120076980E /* LaunchScreen.storyboard in Resources */,
				AF578CBD241B4C120076980E /* Assets.xcassets in Resources */,
				AF578CBB241B4C110076980E /* Main.storyboard in Resources */,
				AF92094C241B733300540CC5 /* CategoryCell.xib in Resources */,
			);
			runOnlyForDeploymentPostprocessing = 0;
		};
/* End PBXResourcesBuildPhase section */

/* Begin PBXShellScriptBuildPhase section */
		0782AEB4AE5A31BDC3136B6C /* [CP] Embed Pods Frameworks */ = {
			isa = PBXShellScriptBuildPhase;
			buildActionMask = 2147483647;
			files = (
			);
			inputFileListPaths = (
				"${PODS_ROOT}/Target Support Files/Pods-MedStoreApp/Pods-MedStoreApp-frameworks-${CONFIGURATION}-input-files.xcfilelist",
			);
			name = "[CP] Embed Pods Frameworks";
			outputFileListPaths = (
				"${PODS_ROOT}/Target Support Files/Pods-MedStoreApp/Pods-MedStoreApp-frameworks-${CONFIGURATION}-output-files.xcfilelist",
			);
			runOnlyForDeploymentPostprocessing = 0;
			shellPath = /bin/sh;
			shellScript = "\"${PODS_ROOT}/Target Support Files/Pods-MedStoreApp/Pods-MedStoreApp-frameworks.sh\"\n";
			showEnvVarsInLog = 0;
		};
		A62383292913E453630434BF /* [CP] Check Pods Manifest.lock */ = {
			isa = PBXShellScriptBuildPhase;
			buildActionMask = 2147483647;
			files = (
			);
			inputFileListPaths = (
			);
			inputPaths = (
				"${PODS_PODFILE_DIR_PATH}/Podfile.lock",
				"${PODS_ROOT}/Manifest.lock",
			);
			name = "[CP] Check Pods Manifest.lock";
			outputFileListPaths = (
			);
			outputPaths = (
				"$(DERIVED_FILE_DIR)/Pods-MedStoreApp-checkManifestLockResult.txt",
			);
			runOnlyForDeploymentPostprocessing = 0;
			shellPath = /bin/sh;
			shellScript = "diff \"${PODS_PODFILE_DIR_PATH}/Podfile.lock\" \"${PODS_ROOT}/Manifest.lock\" > /dev/null\nif [ $? != 0 ] ; then\n    # print error to STDERR\n    echo \"error: The sandbox is not in sync with the Podfile.lock. Run 'pod install' or update your CocoaPods installation.\" >&2\n    exit 1\nfi\n# This output is used by Xcode 'outputs' to avoid re-running this script phase.\necho \"SUCCESS\" > \"${SCRIPT_OUTPUT_FILE_0}\"\n";
			showEnvVarsInLog = 0;
		};
/* End PBXShellScriptBuildPhase section */

/* Begin PBXSourcesBuildPhase section */
		AF578CAC241B4C110076980E /* Sources */ = {
			isa = PBXSourcesBuildPhase;
			buildActionMask = 2147483647;
			files = (
				AF920948241B6BDA00540CC5 /* ApiHelper.swift in Sources */,
				AF578CD3241B61350076980E /* BaseViewController.swift in Sources */,
				AF578CB4241B4C110076980E /* AppDelegate.swift in Sources */,
				AF92094F241B914000540CC5 /* CategoryDetailVC.swift in Sources */,
				AF92094B241B733300540CC5 /* CategoryCell.swift in Sources */,
				AF578CCE241B5FC00076980E /*  Category.swift in Sources */,
				AF920951241B929D00540CC5 /* CategoryDetailViewModel.swift in Sources */,
				AF578CCC241B4CF80076980E /* HomeViewController.swift in Sources */,
				AF578CD0241B5FFF0076980E /* HomeViewModel.swift in Sources */,
			);
			runOnlyForDeploymentPostprocessing = 0;
		};
/* End PBXSourcesBuildPhase section */

/* Begin PBXVariantGroup section */
		AF578CB9241B4C110076980E /* Main.storyboard */ = {
			isa = PBXVariantGroup;
			children = (
				AF578CBA241B4C110076980E /* Base */,
			);
			name = Main.storyboard;
			sourceTree = "<group>";
		};
		AF578CBE241B4C120076980E /* LaunchScreen.storyboard */ = {
			isa = PBXVariantGroup;
			children = (
				AF578CBF241B4C120076980E /* Base */,
			);
			name = LaunchScreen.storyboard;
			sourceTree = "<group>";
		};
/* End PBXVariantGroup section */

/* Begin XCBuildConfiguration section */
		AF578CC2241B4C120076980E /* Debug */ = {
			isa = XCBuildConfiguration;
			buildSettings = {
				ALWAYS_SEARCH_USER_PATHS = NO;
				CLANG_ANALYZER_NONNULL = YES;
				CLANG_ANALYZER_NUMBER_OBJECT_CONVERSION = YES_AGGRESSIVE;
				CLANG_CXX_LANGUAGE_STANDARD = "gnu++14";
				CLANG_CXX_LIBRARY = "libc++";
				CLANG_ENABLE_MODULES = YES;
				CLANG_ENABLE_OBJC_ARC = YES;
				CLANG_ENABLE_OBJC_WEAK = YES;
				CLANG_WARN_BLOCK_CAPTURE_AUTORELEASING = YES;
				CLANG_WARN_BOOL_CONVERSION = YES;
				CLANG_WARN_COMMA = YES;
				CLANG_WARN_CONSTANT_CONVERSION = YES;
				CLANG_WARN_DEPRECATED_OBJC_IMPLEMENTATIONS = YES;
				CLANG_WARN_DIRECT_OBJC_ISA_USAGE = YES_ERROR;
				CLANG_WARN_DOCUMENTATION_COMMENTS = YES;
				CLANG_WARN_EMPTY_BODY = YES;
				CLANG_WARN_ENUM_CONVERSION = YES;
				CLANG_WARN_INFINITE_RECURSION = YES;
				CLANG_WARN_INT_CONVERSION = YES;
				CLANG_WARN_NON_LITERAL_NULL_CONVERSION = YES;
				CLANG_WARN_OBJC_IMPLICIT_RETAIN_SELF = YES;
				CLANG_WARN_OBJC_LITERAL_CONVERSION = YES;
				CLANG_WARN_OBJC_ROOT_CLASS = YES_ERROR;
				CLANG_WARN_RANGE_LOOP_ANALYSIS = YES;
				CLANG_WARN_STRICT_PROTOTYPES = YES;
				CLANG_WARN_SUSPICIOUS_MOVE = YES;
				CLANG_WARN_UNGUARDED_AVAILABILITY = YES_AGGRESSIVE;
				CLANG_WARN_UNREACHABLE_CODE = YES;
				CLANG_WARN__DUPLICATE_METHOD_MATCH = YES;
				COPY_PHASE_STRIP = NO;
				DEBUG_INFORMATION_FORMAT = dwarf;
				ENABLE_STRICT_OBJC_MSGSEND = YES;
				ENABLE_TESTABILITY = YES;
				GCC_C_LANGUAGE_STANDARD = gnu11;
				GCC_DYNAMIC_NO_PIC = NO;
				GCC_NO_COMMON_BLOCKS = YES;
				GCC_OPTIMIZATION_LEVEL = 0;
				GCC_PREPROCESSOR_DEFINITIONS = (
					"DEBUG=1",
					"$(inherited)",
				);
				GCC_WARN_64_TO_32_BIT_CONVERSION = YES;
				GCC_WARN_ABOUT_RETURN_TYPE = YES_ERROR;
				GCC_WARN_UNDECLARED_SELECTOR = YES;
				GCC_WARN_UNINITIALIZED_AUTOS = YES_AGGRESSIVE;
				GCC_WARN_UNUSED_FUNCTION = YES;
				GCC_WARN_UNUSED_VARIABLE = YES;
				IPHONEOS_DEPLOYMENT_TARGET = 10.0;
				MTL_ENABLE_DEBUG_INFO = INCLUDE_SOURCE;
				MTL_FAST_MATH = YES;
				ONLY_ACTIVE_ARCH = YES;
				SDKROOT = iphoneos;
				SWIFT_ACTIVE_COMPILATION_CONDITIONS = DEBUG;
				SWIFT_OPTIMIZATION_LEVEL = "-Onone";
			};
			name = Debug;
		};
		AF578CC3241B4C120076980E /* Release */ = {
			isa = XCBuildConfiguration;
			buildSettings = {
				ALWAYS_SEARCH_USER_PATHS = NO;
				CLANG_ANALYZER_NONNULL = YES;
				CLANG_ANALYZER_NUMBER_OBJECT_CONVERSION = YES_AGGRESSIVE;
				CLANG_CXX_LANGUAGE_STANDARD = "gnu++14";
				CLANG_CXX_LIBRARY = "libc++";
				CLANG_ENABLE_MODULES = YES;
				CLANG_ENABLE_OBJC_ARC = YES;
				CLANG_ENABLE_OBJC_WEAK = YES;
				CLANG_WARN_BLOCK_CAPTURE_AUTORELEASING = YES;
				CLANG_WARN_BOOL_CONVERSION = YES;
				CLANG_WARN_COMMA = YES;
				CLANG_WARN_CONSTANT_CONVERSION = YES;
				CLANG_WARN_DEPRECATED_OBJC_IMPLEMENTATIONS = YES;
				CLANG_WARN_DIRECT_OBJC_ISA_USAGE = YES_ERROR;
				CLANG_WARN_DOCUMENTATION_COMMENTS = YES;
				CLANG_WARN_EMPTY_BODY = YES;
				CLANG_WARN_ENUM_CONVERSION = YES;
				CLANG_WARN_INFINITE_RECURSION = YES;
				CLANG_WARN_INT_CONVERSION = YES;
				CLANG_WARN_NON_LITERAL_NULL_CONVERSION = YES;
				CLANG_WARN_OBJC_IMPLICIT_RETAIN_SELF = YES;
				CLANG_WARN_OBJC_LITERAL_CONVERSION = YES;
				CLANG_WARN_OBJC_ROOT_CLASS = YES_ERROR;
				CLANG_WARN_RANGE_LOOP_ANALYSIS = YES;
				CLANG_WARN_STRICT_PROTOTYPES = YES;
				CLANG_WARN_SUSPICIOUS_MOVE = YES;
				CLANG_WARN_UNGUARDED_AVAILABILITY = YES_AGGRESSIVE;
				CLANG_WARN_UNREACHABLE_CODE = YES;
				CLANG_WARN__DUPLICATE_METHOD_MATCH = YES;
				COPY_PHASE_STRIP = NO;
				DEBUG_INFORMATION_FORMAT = "dwarf-with-dsym";
				ENABLE_NS_ASSERTIONS = NO;
				ENABLE_STRICT_OBJC_MSGSEND = YES;
				GCC_C_LANGUAGE_STANDARD = gnu11;
				GCC_NO_COMMON_BLOCKS = YES;
				GCC_WARN_64_TO_32_BIT_CONVERSION = YES;
				GCC_WARN_ABOUT_RETURN_TYPE = YES_ERROR;
				GCC_WARN_UNDECLARED_SELECTOR = YES;
				GCC_WARN_UNINITIALIZED_AUTOS = YES_AGGRESSIVE;
				GCC_WARN_UNUSED_FUNCTION = YES;
				GCC_WARN_UNUSED_VARIABLE = YES;
				IPHONEOS_DEPLOYMENT_TARGET = 10.0;
				MTL_ENABLE_DEBUG_INFO = NO;
				MTL_FAST_MATH = YES;
				SDKROOT = iphoneos;
				SWIFT_COMPILATION_MODE = wholemodule;
				SWIFT_OPTIMIZATION_LEVEL = "-O";
				VALIDATE_PRODUCT = YES;
			};
			name = Release;
		};
		AF578CC5241B4C120076980E /* Debug */ = {
			isa = XCBuildConfiguration;
			baseConfigurationReference = 6874BFF9F0AE06F65F980544 /* Pods-MedStoreApp.debug.xcconfig */;
			buildSettings = {
				ASSETCATALOG_COMPILER_APPICON_NAME = AppIcon;
				CODE_SIGN_STYLE = Automatic;
				DEVELOPMENT_TEAM = 4W4R8K6943;
				INFOPLIST_FILE = MedStoreApp/Info.plist;
				LD_RUNPATH_SEARCH_PATHS = (
					"$(inherited)",
					"@executable_path/Frameworks",
				);
				PRODUCT_BUNDLE_IDENTIFIER = com.solutionanalysts.MedStoreApp;
				PRODUCT_NAME = "$(TARGET_NAME)";
				SWIFT_VERSION = 5.0;
				TARGETED_DEVICE_FAMILY = "1,2";
			};
			name = Debug;
		};
		AF578CC6241B4C120076980E /* Release */ = {
			isa = XCBuildConfiguration;
			baseConfigurationReference = 42D90DD164DAEA3B7299D185 /* Pods-MedStoreApp.release.xcconfig */;
			buildSettings = {
				ASSETCATALOG_COMPILER_APPICON_NAME = AppIcon;
				CODE_SIGN_STYLE = Automatic;
				DEVELOPMENT_TEAM = 4W4R8K6943;
				INFOPLIST_FILE = MedStoreApp/Info.plist;
				LD_RUNPATH_SEARCH_PATHS = (
					"$(inherited)",
					"@executable_path/Frameworks",
				);
				PRODUCT_BUNDLE_IDENTIFIER = com.solutionanalysts.MedStoreApp;
				PRODUCT_NAME = "$(TARGET_NAME)";
				SWIFT_VERSION = 5.0;
				TARGETED_DEVICE_FAMILY = "1,2";
			};
			name = Release;
		};
/* End XCBuildConfiguration section */

/* Begin XCConfigurationList section */
		AF578CAB241B4C110076980E /* Build configuration list for PBXProject "MedStoreApp" */ = {
			isa = XCConfigurationList;
			buildConfigurations = (
				AF578CC2241B4C120076980E /* Debug */,
				AF578CC3241B4C120076980E /* Release */,
			);
			defaultConfigurationIsVisible = 0;
			defaultConfigurationName = Release;
		};
		AF578CC4241B4C120076980E /* Build configuration list for PBXNativeTarget "MedStoreApp" */ = {
			isa = XCConfigurationList;
			buildConfigurations = (
				AF578CC5241B4C120076980E /* Debug */,
				AF578CC6241B4C120076980E /* Release */,
			);
			defaultConfigurationIsVisible = 0;
			defaultConfigurationName = Release;
		};
/* End XCConfigurationList section */
	};
	rootObject = AF578CA8241B4C110076980E /* Project object */;
}
